
Microsoft Visual Studio Solution File, Format Version 12.00
# Visual Studio 14
VisualStudioVersion = 14.0.23107.0
MinimumVisualStudioVersion = 10.0.40219.1
Project("{FAE04EC0-301F-11D3-BF4B-00C04F79EFBC}") = "Core", "Core\Core.csproj", "{66010F6F-94E4-4818-9F4C-AFFC447050F7}"
EndProject
Project("{FAE04EC0-301F-11D3-BF4B-00C04F79EFBC}") = "DataAccessLayer", "DataAccessLayer\DataAccessLayer.csproj", "{CC135432-92B4-4B93-B99B-A526FD8572FA}"
EndProject
Project("{FAE04EC0-301F-11D3-BF4B-00C04F79EFBC}") = "MirchService", "MirchService\MirchService.csproj", "{D2938CC2-5BEB-49ED-8E76-D56CFD744562}"
EndProject
Project("{FAE04EC0-301F-11D3-BF4B-00C04F79EFBC}") = "MVCTestApplication", "MVCTestApplication\MVCTestApplication.csproj", "{9E19EADC-0DAE-4345-B8CF-D61590EB8EF9}"
	ProjectSection(ProjectDependencies) = postProject
		{D2938CC2-5BEB-49ED-8E76-D56CFD744562} = {D2938CC2-5BEB-49ED-8E76-D56CFD744562}
	EndProjectSection
EndProject
Global
	GlobalSection(SolutionConfigurationPlatforms) = preSolution
		Debug|Any CPU = Debug|Any CPU
		Release|Any CPU = Release|Any CPU
	EndGlobalSection
	GlobalSection(ProjectConfigurationPlatforms) = postSolution
		{66010F6F-94E4-4818-9F4C-AFFC447050F7}.Debug|Any CPU.ActiveCfg = Debug|Any CPU
		{66010F6F-94E4-4818-9F4C-AFFC447050F7}.Debug|Any CPU.Build.0 = Debug|Any CPU
		{66010F6F-94E4-4818-9F4C-AFFC447050F7}.Release|Any CPU.ActiveCfg = Release|Any CPU
		{66010F6F-94E4-4818-9F4C-AFFC447050F7}.Release|Any CPU.Build.0 = Release|Any CPU
		{CC135432-92B4-4B93-B99B-A526FD8572FA}.Debug|Any CPU.ActiveCfg = Debug|Any CPU
		{CC135432-92B4-4B93-B99B-A526FD8572FA}.Debug|Any CPU.Build.0 = Debug|Any CPU
		{CC135432-92B4-4B93-B99B-A526FD8572FA}.Release|Any CPU.ActiveCfg = Release|Any CPU
		{CC135432-92B4-4B93-B99B-A526FD8572FA}.Release|Any CPU.Build.0 = Release|Any CPU
		{D2938CC2-5BEB-49ED-8E76-D56CFD744562}.Debug|Any CPU.ActiveCfg = Debug|Any CPU
		{D2938CC2-5BEB-49ED-8E76-D56CFD744562}.Debug|Any CPU.Build.0 = Debug|Any CPU
		{D2938CC2-5BEB-49ED-8E76-D56CFD744562}.Release|Any CPU.ActiveCfg = Release|Any CPU
		{D2938CC2-5BEB-49ED-8E76-D56CFD744562}.Release|Any CPU.Build.0 = Release|Any CPU
		{9E19EADC-0DAE-4345-B8CF-D61590EB8EF9}.Debug|Any CPU.ActiveCfg = Debug|Any CPU
		{9E19EADC-0DAE-4345-B8CF-D61590EB8EF9}.Debug|Any CPU.Build.0 = Debug|Any CPU
		{9E19EADC-0DAE-4345-B8CF-D61590EB8EF9}.Release|Any CPU.ActiveCfg = Release|Any CPU
		{9E19EADC-0DAE-4345-B8CF-D61590EB8EF9}.Release|Any CPU.Build.0 = Release|Any CPU
	EndGlobalSection
	GlobalSection(SolutionProperties) = preSolution
		HideSolutionNode = FALSE
	EndGlobalSection
EndGlobal
